
Microsoft Visual Studio Solution File, Format Version 12.00
Project("{FAE04EC0-301F-11D3-BF4B-00C04F79EFBC}") = "ArchitectureAnalyzer", "ArchitectureAnalyzer\ArchitectureAnalyzer.csproj", "{7AFAAD30-93F1-4A81-B16B-11FBEED50E69}"
EndProject
Project("{FAE04EC0-301F-11D3-BF4B-00C04F79EFBC}") = "ArchitectureAnalyzer.Tests", "ArchitectureAnalyzer.Tests\ArchitectureAnalyzer.Tests.csproj", "{00503944-A29D-4F1D-8832-73EDBB198FAB}"
EndProject
Global
	GlobalSection(SolutionConfigurationPlatforms) = preSolution
		Debug|Any CPU = Debug|Any CPU
		Release|Any CPU = Release|Any CPU
	EndGlobalSection
	GlobalSection(ProjectConfigurationPlatforms) = postSolution
		{7AFAAD30-93F1-4A81-B16B-11FBEED50E69}.Debug|Any CPU.ActiveCfg = Debug|Any CPU
		{7AFAAD30-93F1-4A81-B16B-11FBEED50E69}.Debug|Any CPU.Build.0 = Debug|Any CPU
		{7AFAAD30-93F1-4A81-B16B-11FBEED50E69}.Release|Any CPU.ActiveCfg = Release|Any CPU
		{7AFAAD30-93F1-4A81-B16B-11FBEED50E69}.Release|Any CPU.Build.0 = Release|Any CPU
		{00503944-A29D-4F1D-8832-73EDBB198FAB}.Debug|Any CPU.ActiveCfg = Debug|Any CPU
		{00503944-A29D-4F1D-8832-73EDBB198FAB}.Debug|Any CPU.Build.0 = Debug|Any CPU
		{00503944-A29D-4F1D-8832-73EDBB198FAB}.Release|Any CPU.ActiveCfg = Release|Any CPU
		{00503944-A29D-4F1D-8832-73EDBB198FAB}.Release|Any CPU.Build.0 = Release|Any CPU
	EndGlobalSection
EndGlobal
